
Microsoft Visual Studio Solution File, Format Version 12.00
# Visual Studio Version 16
VisualStudioVersion = 16.0.30717.126
MinimumVisualStudioVersion = 10.0.40219.1
Project("{FAE04EC0-301F-11D3-BF4B-00C04F79EFBC}") = "ShoolsLMS", "ShoolsLMS\ShoolsLMS.csproj", "{CFAE6F72-D6EC-4AAD-A391-69C8E88C157B}"
EndProject
Global
	GlobalSection(SolutionConfigurationPlatforms) = preSolution
		Debug|Any CPU = Debug|Any CPU
		Release|Any CPU = Release|Any CPU
	EndGlobalSection
	GlobalSection(ProjectConfigurationPlatforms) = postSolution
		{CFAE6F72-D6EC-4AAD-A391-69C8E88C157B}.Debug|Any CPU.ActiveCfg = Debug|Any CPU
		{CFAE6F72-D6EC-4AAD-A391-69C8E88C157B}.Debug|Any CPU.Build.0 = Debug|Any CPU
		{CFAE6F72-D6EC-4AAD-A391-69C8E88C157B}.Release|Any CPU.ActiveCfg = Release|Any CPU
		{CFAE6F72-D6EC-4AAD-A391-69C8E88C157B}.Release|Any CPU.Build.0 = Release|Any CPU
	EndGlobalSection
	GlobalSection(SolutionProperties) = preSolution
		HideSolutionNode = FALSE
	EndGlobalSection
	GlobalSection(ExtensibilityGlobals) = postSolution
		SolutionGuid = {7D4DFF32-A449-4140-9BDC-3BA41A73B91C}
	EndGlobalSection
EndGlobal
